
Microsoft Visual Studio Solution File, Format Version 12.00
# Visual Studio 15
VisualStudioVersion = 15.0.28307.271
MinimumVisualStudioVersion = 10.0.40219.1
Project("{FAE04EC0-301F-11D3-BF4B-00C04F79EFBC}") = "TMX.Web", "TMX.Web\TMX.Web.csproj", "{EABAE2FD-E0EC-4B05-944F-C93F28E5DD68}"
EndProject
Project("{FAE04EC0-301F-11D3-BF4B-00C04F79EFBC}") = "ConnectMySqlDB", "ConnectMySqlDB\ConnectMySqlDB.csproj", "{74CD22EC-8A03-4E74-8878-30942323DC86}"
EndProject
Project("{FAE04EC0-301F-11D3-BF4B-00C04F79EFBC}") = "TMXTestConnect", "TMXTestConnect\TMXTestConnect.csproj", "{A3E4D23A-926E-42C7-AF0D-BD43CEE300EA}"
EndProject
Project("{FAE04EC0-301F-11D3-BF4B-00C04F79EFBC}") = "TMX.Data", "TMX.Data\TMX.Data.csproj", "{27458FDD-38EC-4290-BB5C-4ED7861C2907}"
EndProject
Project("{FAE04EC0-301F-11D3-BF4B-00C04F79EFBC}") = "TMXClasses", "TMXClasses\TMXClasses.csproj", "{EBE91A0A-FBAB-4164-B80E-CDDD2D3BD844}"
EndProject
Project("{FAE04EC0-301F-11D3-BF4B-00C04F79EFBC}") = "TableExtrator", "TableExtrator\TableExtrator.csproj", "{A32F369D-8ABD-4B46-9D14-B317855CEEE9}"
EndProject
Project("{FAE04EC0-301F-11D3-BF4B-00C04F79EFBC}") = "TMX.EDM", "TMX.EDM\TMX.EDM.csproj", "{3B90E6C2-AADD-4800-BBE3-483E0F8E2D4C}"
EndProject
Global
	GlobalSection(SolutionConfigurationPlatforms) = preSolution
		Debug|Any CPU = Debug|Any CPU
		Release|Any CPU = Release|Any CPU
	EndGlobalSection
	GlobalSection(ProjectConfigurationPlatforms) = postSolution
		{EABAE2FD-E0EC-4B05-944F-C93F28E5DD68}.Debug|Any CPU.ActiveCfg = Debug|Any CPU
		{EABAE2FD-E0EC-4B05-944F-C93F28E5DD68}.Debug|Any CPU.Build.0 = Debug|Any CPU
		{EABAE2FD-E0EC-4B05-944F-C93F28E5DD68}.Release|Any CPU.ActiveCfg = Release|Any CPU
		{EABAE2FD-E0EC-4B05-944F-C93F28E5DD68}.Release|Any CPU.Build.0 = Release|Any CPU
		{74CD22EC-8A03-4E74-8878-30942323DC86}.Debug|Any CPU.ActiveCfg = Debug|Any CPU
		{74CD22EC-8A03-4E74-8878-30942323DC86}.Debug|Any CPU.Build.0 = Debug|Any CPU
		{74CD22EC-8A03-4E74-8878-30942323DC86}.Release|Any CPU.ActiveCfg = Release|Any CPU
		{74CD22EC-8A03-4E74-8878-30942323DC86}.Release|Any CPU.Build.0 = Release|Any CPU
		{A3E4D23A-926E-42C7-AF0D-BD43CEE300EA}.Debug|Any CPU.ActiveCfg = Debug|Any CPU
		{A3E4D23A-926E-42C7-AF0D-BD43CEE300EA}.Debug|Any CPU.Build.0 = Debug|Any CPU
		{A3E4D23A-926E-42C7-AF0D-BD43CEE300EA}.Release|Any CPU.ActiveCfg = Release|Any CPU
		{A3E4D23A-926E-42C7-AF0D-BD43CEE300EA}.Release|Any CPU.Build.0 = Release|Any CPU
		{27458FDD-38EC-4290-BB5C-4ED7861C2907}.Debug|Any CPU.ActiveCfg = Debug|Any CPU
		{27458FDD-38EC-4290-BB5C-4ED7861C2907}.Debug|Any CPU.Build.0 = Debug|Any CPU
		{27458FDD-38EC-4290-BB5C-4ED7861C2907}.Release|Any CPU.ActiveCfg = Release|Any CPU
		{27458FDD-38EC-4290-BB5C-4ED7861C2907}.Release|Any CPU.Build.0 = Release|Any CPU
		{EBE91A0A-FBAB-4164-B80E-CDDD2D3BD844}.Debug|Any CPU.ActiveCfg = Debug|Any CPU
		{EBE91A0A-FBAB-4164-B80E-CDDD2D3BD844}.Debug|Any CPU.Build.0 = Debug|Any CPU
		{EBE91A0A-FBAB-4164-B80E-CDDD2D3BD844}.Release|Any CPU.ActiveCfg = Release|Any CPU
		{EBE91A0A-FBAB-4164-B80E-CDDD2D3BD844}.Release|Any CPU.Build.0 = Release|Any CPU
		{A32F369D-8ABD-4B46-9D14-B317855CEEE9}.Debug|Any CPU.ActiveCfg = Debug|Any CPU
		{A32F369D-8ABD-4B46-9D14-B317855CEEE9}.Debug|Any CPU.Build.0 = Debug|Any CPU
		{A32F369D-8ABD-4B46-9D14-B317855CEEE9}.Release|Any CPU.ActiveCfg = Release|Any CPU
		{A32F369D-8ABD-4B46-9D14-B317855CEEE9}.Release|Any CPU.Build.0 = Release|Any CPU
		{3B90E6C2-AADD-4800-BBE3-483E0F8E2D4C}.Debug|Any CPU.ActiveCfg = Debug|Any CPU
		{3B90E6C2-AADD-4800-BBE3-483E0F8E2D4C}.Debug|Any CPU.Build.0 = Debug|Any CPU
		{3B90E6C2-AADD-4800-BBE3-483E0F8E2D4C}.Release|Any CPU.ActiveCfg = Release|Any CPU
		{3B90E6C2-AADD-4800-BBE3-483E0F8E2D4C}.Release|Any CPU.Build.0 = Release|Any CPU
	EndGlobalSection
	GlobalSection(SolutionProperties) = preSolution
		HideSolutionNode = FALSE
	EndGlobalSection
	GlobalSection(ExtensibilityGlobals) = postSolution
		SolutionGuid = {670946F1-6B7B-44DA-A7BC-4FE6FC510E0C}
	EndGlobalSection
EndGlobal
